// !$*UTF8*$!
{
	archiveVersion = 1;
	classes = {
	};
	objectVersion = 50;
	objects = {

/* Begin PBXBuildFile section */
		C63FB48726D110330099FB46 /* AppDelegate.swift in Sources */ = {isa = PBXBuildFile; fileRef = C63FB48626D110330099FB46 /* AppDelegate.swift */; };
		C63FB48926D110330099FB46 /* SceneDelegate.swift in Sources */ = {isa = PBXBuildFile; fileRef = C63FB48826D110330099FB46 /* SceneDelegate.swift */; };
		C63FB48E26D110330099FB46 /* Main.storyboard in Resources */ = {isa = PBXBuildFile; fileRef = C63FB48C26D110330099FB46 /* Main.storyboard */; };
		C63FB49026D110340099FB46 /* Assets.xcassets in Resources */ = {isa = PBXBuildFile; fileRef = C63FB48F26D110340099FB46 /* Assets.xcassets */; };
		C63FB49326D110340099FB46 /* LaunchScreen.storyboard in Resources */ = {isa = PBXBuildFile; fileRef = C63FB49126D110340099FB46 /* LaunchScreen.storyboard */; };
		C63FB49C26D110890099FB46 /* DashboardViewController.swift in Sources */ = {isa = PBXBuildFile; fileRef = C63FB49B26D110890099FB46 /* DashboardViewController.swift */; };
		C63FB49E26D110910099FB46 /* TimerViewController.swift in Sources */ = {isa = PBXBuildFile; fileRef = C63FB49D26D110910099FB46 /* TimerViewController.swift */; };
		C63FB4A326D112890099FB46 /* TaskTableViewCell.swift in Sources */ = {isa = PBXBuildFile; fileRef = C63FB4A126D112890099FB46 /* TaskTableViewCell.swift */; };
		C63FB4A426D112890099FB46 /* TaskTableViewCell.xib in Resources */ = {isa = PBXBuildFile; fileRef = C63FB4A226D112890099FB46 /* TaskTableViewCell.xib */; };
		C63FB4A726D115710099FB46 /* UIView+Designable.swift in Sources */ = {isa = PBXBuildFile; fileRef = C63FB4A626D115710099FB46 /* UIView+Designable.swift */; };
		C63FB4AA26D1187D0099FB46 /* Task.swift in Sources */ = {isa = PBXBuildFile; fileRef = C63FB4A926D1187D0099FB46 /* Task.swift */; };
		C6A70AA926DBB7C00055D6A8 /* TasksStorage.swift in Sources */ = {isa = PBXBuildFile; fileRef = C6A70AA826DBB7C00055D6A8 /* TasksStorage.swift */; };
		C6A70AAC26DBB80E0055D6A8 /* TasksManager.swift in Sources */ = {isa = PBXBuildFile; fileRef = C6A70AAB26DBB80E0055D6A8 /* TasksManager.swift */; };
		C6A70AAE26DBD7E80055D6A8 /* Date+ext.swift in Sources */ = {isa = PBXBuildFile; fileRef = C6A70AAD26DBD7E80055D6A8 /* Date+ext.swift */; };
		C6A70AB026DD8A790055D6A8 /* TaskViewModel.swift in Sources */ = {isa = PBXBuildFile; fileRef = C6A70AAF26DD8A790055D6A8 /* TaskViewModel.swift */; };
		C6DA95C226D29CBA00348CDE /* CircularProgressView.swift in Sources */ = {isa = PBXBuildFile; fileRef = C6DA95C126D29CBA00348CDE /* CircularProgressView.swift */; };
/* End PBXBuildFile section */

/* Begin PBXFileReference section */
		C63FB48326D110330099FB46 /* PomoDo.app */ = {isa = PBXFileReference; explicitFileType = wrapper.application; includeInIndex = 0; path = PomoDo.app; sourceTree = BUILT_PRODUCTS_DIR; };
		C63FB48626D110330099FB46 /* AppDelegate.swift */ = {isa = PBXFileReference; lastKnownFileType = sourcecode.swift; path = AppDelegate.swift; sourceTree = "<group>"; };
		C63FB48826D110330099FB46 /* SceneDelegate.swift */ = {isa = PBXFileReference; lastKnownFileType = sourcecode.swift; path = SceneDelegate.swift; sourceTree = "<group>"; };
		C63FB48D26D110330099FB46 /* Base */ = {isa = PBXFileReference; lastKnownFileType = file.storyboard; name = Base; path = Base.lproj/Main.storyboard; sourceTree = "<group>"; };
		C63FB48F26D110340099FB46 /* Assets.xcassets */ = {isa = PBXFileReference; lastKnownFileType = folder.assetcatalog; path = Assets.xcassets; sourceTree = "<group>"; };
		C63FB49226D110340099FB46 /* Base */ = {isa = PBXFileReference; lastKnownFileType = file.storyboard; name = Base; path = Base.lproj/LaunchScreen.storyboard; sourceTree = "<group>"; };
		C63FB49426D110340099FB46 /* Info.plist */ = {isa = PBXFileReference; lastKnownFileType = text.plist.xml; path = Info.plist; sourceTree = "<group>"; };
		C63FB49B26D110890099FB46 /* DashboardViewController.swift */ = {isa = PBXFileReference; lastKnownFileType = sourcecode.swift; path = DashboardViewController.swift; sourceTree = "<group>"; };
		C63FB49D26D110910099FB46 /* TimerViewController.swift */ = {isa = PBXFileReference; lastKnownFileType = sourcecode.swift; path = TimerViewController.swift; sourceTree = "<group>"; };
		C63FB4A126D112890099FB46 /* TaskTableViewCell.swift */ = {isa = PBXFileReference; lastKnownFileType = sourcecode.swift; path = TaskTableViewCell.swift; sourceTree = "<group>"; };
		C63FB4A226D112890099FB46 /* TaskTableViewCell.xib */ = {isa = PBXFileReference; lastKnownFileType = file.xib; path = TaskTableViewCell.xib; sourceTree = "<group>"; };
		C63FB4A626D115710099FB46 /* UIView+Designable.swift */ = {isa = PBXFileReference; lastKnownFileType = sourcecode.swift; path = "UIView+Designable.swift"; sourceTree = "<group>"; };
		C63FB4A926D1187D0099FB46 /* Task.swift */ = {isa = PBXFileReference; lastKnownFileType = sourcecode.swift; path = Task.swift; sourceTree = "<group>"; };
		C6A70AA826DBB7C00055D6A8 /* TasksStorage.swift */ = {isa = PBXFileReference; lastKnownFileType = sourcecode.swift; path = TasksStorage.swift; sourceTree = "<group>"; };
		C6A70AAB26DBB80E0055D6A8 /* TasksManager.swift */ = {isa = PBXFileReference; lastKnownFileType = sourcecode.swift; path = TasksManager.swift; sourceTree = "<group>"; };
		C6A70AAD26DBD7E80055D6A8 /* Date+ext.swift */ = {isa = PBXFileReference; lastKnownFileType = sourcecode.swift; path = "Date+ext.swift"; sourceTree = "<group>"; };
		C6A70AAF26DD8A790055D6A8 /* TaskViewModel.swift */ = {isa = PBXFileReference; lastKnownFileType = sourcecode.swift; path = TaskViewModel.swift; sourceTree = "<group>"; };
		C6DA95C126D29CBA00348CDE /* CircularProgressView.swift */ = {isa = PBXFileReference; lastKnownFileType = sourcecode.swift; path = CircularProgressView.swift; sourceTree = "<group>"; };
/* End PBXFileReference section */

/* Begin PBXFrameworksBuildPhase section */
		C63FB48026D110330099FB46 /* Frameworks */ = {
			isa = PBXFrameworksBuildPhase;
			buildActionMask = 2147483647;
			files = (
			);
			runOnlyForDeploymentPostprocessing = 0;
		};
/* End PBXFrameworksBuildPhase section */

/* Begin PBXGroup section */
		C63FB47A26D110330099FB46 = {
			isa = PBXGroup;
			children = (
				C63FB48526D110330099FB46 /* PomoDo */,
				C63FB48426D110330099FB46 /* Products */,
			);
			sourceTree = "<group>";
		};
		C63FB48426D110330099FB46 /* Products */ = {
			isa = PBXGroup;
			children = (
				C63FB48326D110330099FB46 /* PomoDo.app */,
			);
			name = Products;
			sourceTree = "<group>";
		};
		C63FB48526D110330099FB46 /* PomoDo */ = {
			isa = PBXGroup;
			children = (
				C6A70AAA26DBB8050055D6A8 /* Tools */,
				C63FB4A826D118730099FB46 /* Model */,
				C63FB4A526D115640099FB46 /* Extensions */,
				C63FB49F26D112650099FB46 /* UI */,
				C63FB48626D110330099FB46 /* AppDelegate.swift */,
				C63FB48826D110330099FB46 /* SceneDelegate.swift */,
				C63FB48C26D110330099FB46 /* Main.storyboard */,
				C63FB48F26D110340099FB46 /* Assets.xcassets */,
				C63FB49126D110340099FB46 /* LaunchScreen.storyboard */,
				C63FB49426D110340099FB46 /* Info.plist */,
			);
			path = PomoDo;
			sourceTree = "<group>";
		};
		C63FB49A26D1106E0099FB46 /* ViewControllers */ = {
			isa = PBXGroup;
			children = (
				C63FB49B26D110890099FB46 /* DashboardViewController.swift */,
				C63FB49D26D110910099FB46 /* TimerViewController.swift */,
			);
			path = ViewControllers;
			sourceTree = "<group>";
		};
		C63FB49F26D112650099FB46 /* UI */ = {
			isa = PBXGroup;
			children = (
				C63FB4A026D1126B0099FB46 /* Views */,
				C63FB49A26D1106E0099FB46 /* ViewControllers */,
			);
			path = UI;
			sourceTree = "<group>";
		};
		C63FB4A026D1126B0099FB46 /* Views */ = {
			isa = PBXGroup;
			children = (
				C63FB4A126D112890099FB46 /* TaskTableViewCell.swift */,
				C63FB4A226D112890099FB46 /* TaskTableViewCell.xib */,
				C6DA95C126D29CBA00348CDE /* CircularProgressView.swift */,
			);
			path = Views;
			sourceTree = "<group>";
		};
		C63FB4A526D115640099FB46 /* Extensions */ = {
			isa = PBXGroup;
			children = (
				C63FB4A626D115710099FB46 /* UIView+Designable.swift */,
				C6A70AAD26DBD7E80055D6A8 /* Date+ext.swift */,
			);
			path = Extensions;
			sourceTree = "<group>";
		};
		C63FB4A826D118730099FB46 /* Model */ = {
			isa = PBXGroup;
			children = (
				C63FB4A926D1187D0099FB46 /* Task.swift */,
				C6A70AA826DBB7C00055D6A8 /* TasksStorage.swift */,
				C6A70AAF26DD8A790055D6A8 /* TaskViewModel.swift */,
			);
			path = Model;
			sourceTree = "<group>";
		};
		C6A70AAA26DBB8050055D6A8 /* Tools */ = {
			isa = PBXGroup;
			children = (
				C6A70AAB26DBB80E0055D6A8 /* TasksManager.swift */,
			);
			path = Tools;
			sourceTree = "<group>";
		};
/* End PBXGroup section */

/* Begin PBXNativeTarget section */
		C63FB48226D110330099FB46 /* PomoDo */ = {
			isa = PBXNativeTarget;
			buildConfigurationList = C63FB49726D110340099FB46 /* Build configuration list for PBXNativeTarget "PomoDo" */;
			buildPhases = (
				C63FB47F26D110330099FB46 /* Sources */,
				C63FB48026D110330099FB46 /* Frameworks */,
				C63FB48126D110330099FB46 /* Resources */,
			);
			buildRules = (
			);
			dependencies = (
			);
			name = PomoDo;
			productName = PomoDo;
			productReference = C63FB48326D110330099FB46 /* PomoDo.app */;
			productType = "com.apple.product-type.application";
		};
/* End PBXNativeTarget section */

/* Begin PBXProject section */
		C63FB47B26D110330099FB46 /* Project object */ = {
			isa = PBXProject;
			attributes = {
				LastSwiftUpdateCheck = 1250;
				LastUpgradeCheck = 1250;
				TargetAttributes = {
					C63FB48226D110330099FB46 = {
						CreatedOnToolsVersion = 12.5.1;
					};
				};
			};
			buildConfigurationList = C63FB47E26D110330099FB46 /* Build configuration list for PBXProject "PomoDo" */;
			compatibilityVersion = "Xcode 9.3";
			developmentRegion = en;
			hasScannedForEncodings = 0;
			knownRegions = (
				en,
				Base,
			);
			mainGroup = C63FB47A26D110330099FB46;
			productRefGroup = C63FB48426D110330099FB46 /* Products */;
			projectDirPath = "";
			projectRoot = "";
			targets = (
				C63FB48226D110330099FB46 /* PomoDo */,
			);
		};
/* End PBXProject section */

/* Begin PBXResourcesBuildPhase section */
		C63FB48126D110330099FB46 /* Resources */ = {
			isa = PBXResourcesBuildPhase;
			buildActionMask = 2147483647;
			files = (
				C63FB4A426D112890099FB46 /* TaskTableViewCell.xib in Resources */,
				C63FB49326D110340099FB46 /* LaunchScreen.storyboard in Resources */,
				C63FB49026D110340099FB46 /* Assets.xcassets in Resources */,
				C63FB48E26D110330099FB46 /* Main.storyboard in Resources */,
			);
			runOnlyForDeploymentPostprocessing = 0;
		};
/* End PBXResourcesBuildPhase section */

/* Begin PBXSourcesBuildPhase section */
		C63FB47F26D110330099FB46 /* Sources */ = {
			isa = PBXSourcesBuildPhase;
			buildActionMask = 2147483647;
			files = (
				C63FB49E26D110910099FB46 /* TimerViewController.swift in Sources */,
				C6A70AB026DD8A790055D6A8 /* TaskViewModel.swift in Sources */,
				C63FB48726D110330099FB46 /* AppDelegate.swift in Sources */,
				C6A70AAC26DBB80E0055D6A8 /* TasksManager.swift in Sources */,
				C6A70AA926DBB7C00055D6A8 /* TasksStorage.swift in Sources */,
				C6DA95C226D29CBA00348CDE /* CircularProgressView.swift in Sources */,
				C63FB4A726D115710099FB46 /* UIView+Designable.swift in Sources */,
				C63FB4A326D112890099FB46 /* TaskTableViewCell.swift in Sources */,
				C6A70AAE26DBD7E80055D6A8 /* Date+ext.swift in Sources */,
				C63FB48926D110330099FB46 /* SceneDelegate.swift in Sources */,
				C63FB4AA26D1187D0099FB46 /* Task.swift in Sources */,
				C63FB49C26D110890099FB46 /* DashboardViewController.swift in Sources */,
			);
			runOnlyForDeploymentPostprocessing = 0;
		};
/* End PBXSourcesBuildPhase section */

/* Begin PBXVariantGroup section */
		C63FB48C26D110330099FB46 /* Main.storyboard */ = {
			isa = PBXVariantGroup;
			children = (
				C63FB48D26D110330099FB46 /* Base */,
			);
			name = Main.storyboard;
			sourceTree = "<group>";
		};
		C63FB49126D110340099FB46 /* LaunchScreen.storyboard */ = {
			isa = PBXVariantGroup;
			children = (
				C63FB49226D110340099FB46 /* Base */,
			);
			name = LaunchScreen.storyboard;
			sourceTree = "<group>";
		};
/* End PBXVariantGroup section */

/* Begin XCBuildConfiguration section */
		C63FB49526D110340099FB46 /* Debug */ = {
			isa = XCBuildConfiguration;
			buildSettings = {
				ALWAYS_SEARCH_USER_PATHS = NO;
				CLANG_ANALYZER_NONNULL = YES;
				CLANG_ANALYZER_NUMBER_OBJECT_CONVERSION = YES_AGGRESSIVE;
				CLANG_CXX_LANGUAGE_STANDARD = "gnu++14";
				CLANG_CXX_LIBRARY = "libc++";
				CLANG_ENABLE_MODULES = YES;
				CLANG_ENABLE_OBJC_ARC = YES;
				CLANG_ENABLE_OBJC_WEAK = YES;
				CLANG_WARN_BLOCK_CAPTURE_AUTORELEASING = YES;
				CLANG_WARN_BOOL_CONVERSION = YES;
				CLANG_WARN_COMMA = YES;
				CLANG_WARN_CONSTANT_CONVERSION = YES;
				CLANG_WARN_DEPRECATED_OBJC_IMPLEMENTATIONS = YES;
				CLANG_WARN_DIRECT_OBJC_ISA_USAGE = YES_ERROR;
				CLANG_WARN_DOCUMENTATION_COMMENTS = YES;
				CLANG_WARN_EMPTY_BODY = YES;
				CLANG_WARN_ENUM_CONVERSION = YES;
				CLANG_WARN_INFINITE_RECURSION = YES;
				CLANG_WARN_INT_CONVERSION = YES;
				CLANG_WARN_NON_LITERAL_NULL_CONVERSION = YES;
				CLANG_WARN_OBJC_IMPLICIT_RETAIN_SELF = YES;
				CLANG_WARN_OBJC_LITERAL_CONVERSION = YES;
				CLANG_WARN_OBJC_ROOT_CLASS = YES_ERROR;
				CLANG_WARN_QUOTED_INCLUDE_IN_FRAMEWORK_HEADER = YES;
				CLANG_WARN_RANGE_LOOP_ANALYSIS = YES;
				CLANG_WARN_STRICT_PROTOTYPES = YES;
				CLANG_WARN_SUSPICIOUS_MOVE = YES;
				CLANG_WARN_UNGUARDED_AVAILABILITY = YES_AGGRESSIVE;
				CLANG_WARN_UNREACHABLE_CODE = YES;
				CLANG_WARN__DUPLICATE_METHOD_MATCH = YES;
				COPY_PHASE_STRIP = NO;
				DEBUG_INFORMATION_FORMAT = dwarf;
				ENABLE_STRICT_OBJC_MSGSEND = YES;
				ENABLE_TESTABILITY = YES;
				GCC_C_LANGUAGE_STANDARD = gnu11;
				GCC_DYNAMIC_NO_PIC = NO;
				GCC_NO_COMMON_BLOCKS = YES;
				GCC_OPTIMIZATION_LEVEL = 0;
				GCC_PREPROCESSOR_DEFINITIONS = (
					"DEBUG=1",
					"$(inherited)",
				);
				GCC_WARN_64_TO_32_BIT_CONVERSION = YES;
				GCC_WARN_ABOUT_RETURN_TYPE = YES_ERROR;
				GCC_WARN_UNDECLARED_SELECTOR = YES;
				GCC_WARN_UNINITIALIZED_AUTOS = YES_AGGRESSIVE;
				GCC_WARN_UNUSED_FUNCTION = YES;
				GCC_WARN_UNUSED_VARIABLE = YES;
				IPHONEOS_DEPLOYMENT_TARGET = 14.5;
				MTL_ENABLE_DEBUG_INFO = INCLUDE_SOURCE;
				MTL_FAST_MATH = YES;
				ONLY_ACTIVE_ARCH = YES;
				SDKROOT = iphoneos;
				SWIFT_ACTIVE_COMPILATION_CONDITIONS = DEBUG;
				SWIFT_OPTIMIZATION_LEVEL = "-Onone";
			};
			name = Debug;
		};
		C63FB49626D110340099FB46 /* Release */ = {
			isa = XCBuildConfiguration;
			buildSettings = {
				ALWAYS_SEARCH_USER_PATHS = NO;
				CLANG_ANALYZER_NONNULL = YES;
				CLANG_ANALYZER_NUMBER_OBJECT_CONVERSION = YES_AGGRESSIVE;
				CLANG_CXX_LANGUAGE_STANDARD = "gnu++14";
				CLANG_CXX_LIBRARY = "libc++";
				CLANG_ENABLE_MODULES = YES;
				CLANG_ENABLE_OBJC_ARC = YES;
				CLANG_ENABLE_OBJC_WEAK = YES;
				CLANG_WARN_BLOCK_CAPTURE_AUTORELEASING = YES;
				CLANG_WARN_BOOL_CONVERSION = YES;
				CLANG_WARN_COMMA = YES;
				CLANG_WARN_CONSTANT_CONVERSION = YES;
				CLANG_WARN_DEPRECATED_OBJC_IMPLEMENTATIONS = YES;
				CLANG_WARN_DIRECT_OBJC_ISA_USAGE = YES_ERROR;
				CLANG_WARN_DOCUMENTATION_COMMENTS = YES;
				CLANG_WARN_EMPTY_BODY = YES;
				CLANG_WARN_ENUM_CONVERSION = YES;
				CLANG_WARN_INFINITE_RECURSION = YES;
				CLANG_WARN_INT_CONVERSION = YES;
				CLANG_WARN_NON_LITERAL_NULL_CONVERSION = YES;
				CLANG_WARN_OBJC_IMPLICIT_RETAIN_SELF = YES;
				CLANG_WARN_OBJC_LITERAL_CONVERSION = YES;
				CLANG_WARN_OBJC_ROOT_CLASS = YES_ERROR;
				CLANG_WARN_QUOTED_INCLUDE_IN_FRAMEWORK_HEADER = YES;
				CLANG_WARN_RANGE_LOOP_ANALYSIS = YES;
				CLANG_WARN_STRICT_PROTOTYPES = YES;
				CLANG_WARN_SUSPICIOUS_MOVE = YES;
				CLANG_WARN_UNGUARDED_AVAILABILITY = YES_AGGRESSIVE;
				CLANG_WARN_UNREACHABLE_CODE = YES;
				CLANG_WARN__DUPLICATE_METHOD_MATCH = YES;
				COPY_PHASE_STRIP = NO;
				DEBUG_INFORMATION_FORMAT = "dwarf-with-dsym";
				ENABLE_NS_ASSERTIONS = NO;
				ENABLE_STRICT_OBJC_MSGSEND = YES;
				GCC_C_LANGUAGE_STANDARD = gnu11;
				GCC_NO_COMMON_BLOCKS = YES;
				GCC_WARN_64_TO_32_BIT_CONVERSION = YES;
				GCC_WARN_ABOUT_RETURN_TYPE = YES_ERROR;
				GCC_WARN_UNDECLARED_SELECTOR = YES;
				GCC_WARN_UNINITIALIZED_AUTOS = YES_AGGRESSIVE;
				GCC_WARN_UNUSED_FUNCTION = YES;
				GCC_WARN_UNUSED_VARIABLE = YES;
				IPHONEOS_DEPLOYMENT_TARGET = 14.5;
				MTL_ENABLE_DEBUG_INFO = NO;
				MTL_FAST_MATH = YES;
				SDKROOT = iphoneos;
				SWIFT_COMPILATION_MODE = wholemodule;
				SWIFT_OPTIMIZATION_LEVEL = "-O";
				VALIDATE_PRODUCT = YES;
			};
			name = Release;
		};
		C63FB49826D110340099FB46 /* Debug */ = {
			isa = XCBuildConfiguration;
			buildSettings = {
				ASSETCATALOG_COMPILER_APPICON_NAME = AppIcon;
				ASSETCATALOG_COMPILER_GLOBAL_ACCENT_COLOR_NAME = AccentColor;
				CODE_SIGN_STYLE = Automatic;
				DEVELOPMENT_TEAM = RNXT6P5KC8;
				INFOPLIST_FILE = PomoDo/Info.plist;
				LD_RUNPATH_SEARCH_PATHS = (
					"$(inherited)",
					"@executable_path/Frameworks",
				);
				PRODUCT_BUNDLE_IDENTIFIER = com.vladEliseev.pomoDo.PomoDo;
				PRODUCT_NAME = "$(TARGET_NAME)";
				SWIFT_VERSION = 5.0;
				TARGETED_DEVICE_FAMILY = "1,2";
			};
			name = Debug;
		};
		C63FB49926D110340099FB46 /* Release */ = {
			isa = XCBuildConfiguration;
			buildSettings = {
				ASSETCATALOG_COMPILER_APPICON_NAME = AppIcon;
				ASSETCATALOG_COMPILER_GLOBAL_ACCENT_COLOR_NAME = AccentColor;
				CODE_SIGN_STYLE = Automatic;
				DEVELOPMENT_TEAM = RNXT6P5KC8;
				INFOPLIST_FILE = PomoDo/Info.plist;
				LD_RUNPATH_SEARCH_PATHS = (
					"$(inherited)",
					"@executable_path/Frameworks",
				);
				PRODUCT_BUNDLE_IDENTIFIER = com.vladEliseev.pomoDo.PomoDo;
				PRODUCT_NAME = "$(TARGET_NAME)";
				SWIFT_VERSION = 5.0;
				TARGETED_DEVICE_FAMILY = "1,2";
			};
			name = Release;
		};
/* End XCBuildConfiguration section */

/* Begin XCConfigurationList section */
		C63FB47E26D110330099FB46 /* Build configuration list for PBXProject "PomoDo" */ = {
			isa = XCConfigurationList;
			buildConfigurations = (
				C63FB49526D110340099FB46 /* Debug */,
				C63FB49626D110340099FB46 /* Release */,
			);
			defaultConfigurationIsVisible = 0;
			defaultConfigurationName = Release;
		};
		C63FB49726D110340099FB46 /* Build configuration list for PBXNativeTarget "PomoDo" */ = {
			isa = XCConfigurationList;
			buildConfigurations = (
				C63FB49826D110340099FB46 /* Debug */,
				C63FB49926D110340099FB46 /* Release */,
			);
			defaultConfigurationIsVisible = 0;
			defaultConfigurationName = Release;
		};
/* End XCConfigurationList section */
	};
	rootObject = C63FB47B26D110330099FB46 /* Project object */;
}
